{
  "name": "miniprogame_college",
  "version": "1.0.0",
  "lockfileVersion": 1,
  "requires": true,
  "dependencies": {
    "@babel/runtime": {
      "version": "7.9.2",
      "resolved": "https://registry.npm.taobao.org/@babel/runtime/download/@babel/runtime-7.9.2.tgz",
      "integrity": "sha1-2Q3wWDo6JS8JqqYZZlNnuuUY2wY=",
      "requires": {
        "regenerator-runtime": "^0.13.4"
      }
    },
    "dom-walk": {
      "version": "0.1.2",
      "resolved": "https://registry.npm.taobao.org/dom-walk/download/dom-walk-0.1.2.tgz?cache=0&sync_timestamp=1585903908305&other_urls=https%3A%2F%2Fregistry.npm.taobao.org%2Fdom-walk%2Fdownload%2Fdom-walk-0.1.2.tgz",
      "integrity": "sha1-DFSL7wSPTR8qlySQAiNgYNqj/YQ="
    },
    "dva-core": {
      "version": "2.0.2",
      "resolved": "https://registry.npm.taobao.org/dva-core/download/dva-core-2.0.2.tgz",
      "integrity": "sha1-cWbvh54zXbAYuULJwPLhpVQ4UaA=",
      "requires": {
        "@babel/runtime": "^7.0.0",
        "flatten": "^1.0.2",
        "global": "^4.3.2",
        "invariant": "^2.2.1",
        "is-plain-object": "^2.0.3",
        "redux-saga": "^0.16.0",
        "warning": "^3.0.0"
      }
    },
    "dva-loading": {
      "version": "3.0.20",
      "resolved": "https://registry.npm.taobao.org/dva-loading/download/dva-loading-3.0.20.tgz",
      "integrity": "sha1-NIoIFOAJGoDW9gi1HD47kuOIPI0=",
      "requires": {
        "@babel/runtime": "^7.0.0"
      }
    },
    "flatten": {
      "version": "1.0.3",
      "resolved": "https://registry.npm.taobao.org/flatten/download/flatten-1.0.3.tgz",
      "integrity": "sha1-wSg6yfJ7Noq8HjbR/3sEUBowNWs="
    },
    "global": {
      "version": "4.4.0",
      "resolved": "https://registry.npm.taobao.org/global/download/global-4.4.0.tgz",
      "integrity": "sha1-PnsQUXkAajI+1xqvyj6cV6XMZAY=",
      "requires": {
        "min-document": "^2.19.0",
        "process": "^0.11.10"
      }
    },
    "invariant": {
      "version": "2.2.4",
      "resolved": "https://registry.npm.taobao.org/invariant/download/invariant-2.2.4.tgz",
      "integrity": "sha1-YQ88ksk1nOHbYW5TgAjSP/NRWOY=",
      "requires": {
        "loose-envify": "^1.0.0"
      }
    },
    "is-plain-object": {
      "version": "2.0.4",
      "resolved": "https://registry.npm.taobao.org/is-plain-object/download/is-plain-object-2.0.4.tgz",
      "integrity": "sha1-LBY7P6+xtgbZ0Xko8FwqHDjgdnc=",
      "requires": {
        "isobject": "^3.0.1"
      }
    },
    "isobject": {
      "version": "3.0.1",
      "resolved": "https://registry.npm.taobao.org/isobject/download/isobject-3.0.1.tgz",
      "integrity": "sha1-TkMekrEalzFjaqH5yNHMvP2reN8="
    },
    "js-tokens": {
      "version": "4.0.0",
      "resolved": "https://registry.npm.taobao.org/js-tokens/download/js-tokens-4.0.0.tgz",
      "integrity": "sha1-GSA/tZmR35jjoocFDUZHzerzJJk="
    },
    "jsbn": {
      "version": "1.1.0",
      "resolved": "https://registry.npm.taobao.org/jsbn/download/jsbn-1.1.0.tgz",
      "integrity": "sha1-sBMHyym2GKHtJux56RH4A8TaAEA="
    },
    "loose-envify": {
      "version": "1.4.0",
      "resolved": "https://registry.npm.taobao.org/loose-envify/download/loose-envify-1.4.0.tgz",
      "integrity": "sha1-ce5R+nvkyuwaY4OffmgtgTLTDK8=",
      "requires": {
        "js-tokens": "^3.0.0 || ^4.0.0"
      }
    },
    "min-document": {
      "version": "2.19.0",
      "resolved": "https://registry.npm.taobao.org/min-document/download/min-document-2.19.0.tgz",
      "integrity": "sha1-e9KC4/WELtKVu3SM3Z8f+iyCRoU=",
      "requires": {
        "dom-walk": "^0.1.0"
      }
    },
    "miniprogram-sm-crypto": {
      "version": "0.1.0",
      "resolved": "https://registry.npm.taobao.org/miniprogram-sm-crypto/download/miniprogram-sm-crypto-0.1.0.tgz",
      "integrity": "sha1-WtB7oz9tY5WjCTU5TQqdUtZUlqc=",
      "requires": {
        "jsbn": "^1.1.0"
      }
    },
    "process": {
      "version": "0.11.10",
      "resolved": "https://registry.npm.taobao.org/process/download/process-0.11.10.tgz",
      "integrity": "sha1-czIwDoQBYb2j5podHZGn1LwW8YI="
    },
    "redux-saga": {
      "version": "0.16.2",
      "resolved": "https://registry.npm.taobao.org/redux-saga/download/redux-saga-0.16.2.tgz",
      "integrity": "sha1-mTZi6GvJRdhQmsK42ro6jGFcyXE="
    },
    "regenerator-runtime": {
      "version": "0.13.5",
      "resolved": "https://registry.npm.taobao.org/regenerator-runtime/download/regenerator-runtime-0.13.5.tgz",
      "integrity": "sha1-2Hih0JS0MG0QuQlkhLM+vVXiZpc="
    },
    "warning": {
      "version": "3.0.0",
      "resolved": "https://registry.npm.taobao.org/warning/download/warning-3.0.0.tgz",
      "integrity": "sha1-MuU3fLVy3kqwR1O9+IIcAe1gW3w=",
      "requires": {
        "loose-envify": "^1.0.0"
      }
    }
  }
}
